{
    "_readme": [
        "This file locks the dependencies of your project to a known state",
        "Read more about it at https://getcomposer.org/doc/01-basic-usage.md#installing-dependencies",
        "This file is @generated automatically"
    ],
    "content-hash": "1e7bad98c80974743a9ef7a7f18fc09a",
    "packages": [
        {
            "name": "open-telemetry/api",
            "version": "1.10.0",
            "source": {
                "type": "git",
                "url": "https://github.com/opentelemetry-php/api.git",
                "reference": "7c029c4a6fd457094a20569bf98f93d95e9a7559"
            },
            "dist": {
                "type": "zip",
                "url": "https://api.github.com/repos/opentelemetry-php/api/zipball/7c029c4a6fd457094a20569bf98f93d95e9a7559",
                "reference": "7c029c4a6fd457094a20569bf98f93d95e9a7559",
                "shasum": ""
            },
            "require": {
                "open-telemetry/context": "^1.4",
                "php": "^8.1",
                "psr/log": "^1.1|^2.0|^3.0",
                "symfony/polyfill-php82": "^1.26"
            },
            "conflict": {
                "open-telemetry/sdk": "<=1.11"
            },
            "type": "library",
            "extra": {
                "spi": {
                    "OpenTelemetry\\API\\Instrumentation\\AutoInstrumentation\\HookManagerInterface": [
                        "OpenTelemetry\\API\\Instrumentation\\AutoInstrumentation\\ExtensionHookManager"
                    ]
                },
                "branch-alias": {
                    "dev-main": "1.8.x-dev"
                }
            },
            "autoload": {
                "files": [
                    "Trace/functions.php"
                ],
                "psr-4": {
                    "OpenTelemetry\\API\\": "."
                }
            },
            "notification-url": "https://packagist.org/downloads/",
            "license": [
                "Apache-2.0"
            ],
            "authors": [
                {
                    "name": "opentelemetry-php contributors",
                    "homepage": "https://github.com/open-telemetry/opentelemetry-php/graphs/contributors"
                }
            ],
            "description": "API for OpenTelemetry PHP.",
            "keywords": [
                "Metrics",
                "api",
                "apm",
                "logging",
                "opentelemetry",
                "otel",
                "tracing"
            ],
            "support": {
                "chat": "https://app.slack.com/client/T08PSQ7BQ/C01NFPCV44V",
                "docs": "https://opentelemetry.io/docs/languages/php",
                "issues": "https://github.com/open-telemetry/opentelemetry-php/issues",
                "source": "https://github.com/open-telemetry/opentelemetry-php"
            },
            "time": "2026-07-06T12:28:04+00:00"
        },
        {
            "name": "open-telemetry/context",
            "version": "1.5.0",
            "source": {
                "type": "git",
                "url": "https://github.com/opentelemetry-php/context.git",
                "reference": "3c414b246e0dabb7d6145404e6a5e4536ca18d07"
            },
            "dist": {
                "type": "zip",
                "url": "https://api.github.com/repos/opentelemetry-php/context/zipball/3c414b246e0dabb7d6145404e6a5e4536ca18d07",
                "reference": "3c414b246e0dabb7d6145404e6a5e4536ca18d07",
                "shasum": ""
            },
            "require": {
                "php": "^8.1",
                "symfony/polyfill-php82": "^1.26"
            },
            "suggest": {
                "ext-ffi": "To allow context switching in Fibers"
            },
            "type": "library",
            "extra": {
                "branch-alias": {
                    "dev-main": "1.0.x-dev"
                }
            },
            "autoload": {
                "files": [
                    "fiber/initialize_fiber_handler.php"
                ],
                "psr-4": {
                    "OpenTelemetry\\Context\\": "."
                }
            },
            "notification-url": "https://packagist.org/downloads/",
            "license": [
                "Apache-2.0"
            ],
            "authors": [
                {
                    "name": "opentelemetry-php contributors",
                    "homepage": "https://github.com/open-telemetry/opentelemetry-php/graphs/contributors"
                }
            ],
            "description": "Context implementation for OpenTelemetry PHP.",
            "keywords": [
                "Context",
                "opentelemetry",
                "otel"
            ],
            "support": {
                "chat": "https://app.slack.com/client/T08PSQ7BQ/C01NFPCV44V",
                "docs": "https://opentelemetry.io/docs/languages/php",
                "issues": "https://github.com/open-telemetry/opentelemetry-php/issues",
                "source": "https://github.com/open-telemetry/opentelemetry-php"
            },
            "time": "2025-10-19T06:44:33+00:00"
        },
        {
            "name": "psr/log",
            "version": "3.0.2",
            "source": {
                "type": "git",
                "url": "https://github.com/php-fig/log.git",
                "reference": "f16e1d5863e37f8d8c2a01719f5b34baa2b714d3"
            },
            "dist": {
                "type": "zip",
                "url": "https://api.github.com/repos/php-fig/log/zipball/f16e1d5863e37f8d8c2a01719f5b34baa2b714d3",
                "reference": "f16e1d5863e37f8d8c2a01719f5b34baa2b714d3",
                "shasum": ""
            },
            "require": {
                "php": ">=8.0.0"
            },
            "type": "library",
            "extra": {
                "branch-alias": {
                    "dev-master": "3.x-dev"
                }
            },
            "autoload": {
                "psr-4": {
                    "Psr\\Log\\": "src"
                }
            },
            "notification-url": "https://packagist.org/downloads/",
            "license": [
                "MIT"
            ],
            "authors": [
                {
                    "name": "PHP-FIG",
                    "homepage": "https://www.php-fig.org/"
                }
            ],
            "description": "Common interface for logging libraries",
            "homepage": "https://github.com/php-fig/log",
            "keywords": [
                "log",
                "psr",
                "psr-3"
            ],
            "support": {
                "source": "https://github.com/php-fig/log/tree/3.0.2"
            },
            "time": "2024-09-11T13:17:53+00:00"
        },
        {
            "name": "symfony/polyfill-php82",
            "version": "v1.38.1",
            "source": {
                "type": "git",
                "url": "https://github.com/symfony/polyfill-php82.git",
                "reference": "002dc0cfe5fd4ed6033d48f27d4f19a486c4b04b"
            },
            "dist": {
                "type": "zip",
                "url": "https://api.github.com/repos/symfony/polyfill-php82/zipball/002dc0cfe5fd4ed6033d48f27d4f19a486c4b04b",
                "reference": "002dc0cfe5fd4ed6033d48f27d4f19a486c4b04b",
                "shasum": ""
            },
            "require": {
                "php": ">=7.2"
            },
            "type": "library",
            "extra": {
                "thanks": {
                    "url": "https://github.com/symfony/polyfill",
                    "name": "symfony/polyfill"
                }
            },
            "autoload": {
                "files": [
                    "bootstrap.php"
                ],
                "psr-4": {
                    "Symfony\\Polyfill\\Php82\\": ""
                },
                "classmap": [
                    "Resources/stubs"
                ]
            },
            "notification-url": "https://packagist.org/downloads/",
            "license": [
                "MIT"
            ],
            "authors": [
                {
                    "name": "Nicolas Grekas",
                    "email": "p@tchwork.com"
                },
                {
                    "name": "Symfony Community",
                    "homepage": "https://symfony.com/contributors"
                }
            ],
            "description": "Symfony polyfill backporting some PHP 8.2+ features to lower PHP versions",
            "homepage": "https://symfony.com",
            "keywords": [
                "compatibility",
                "polyfill",
                "portable",
                "shim"
            ],
            "support": {
                "source": "https://github.com/symfony/polyfill-php82/tree/v1.38.1"
            },
            "funding": [
                {
                    "url": "https://symfony.com/sponsor",
                    "type": "custom"
                },
                {
                    "url": "https://github.com/fabpot",
                    "type": "github"
                },
                {
                    "url": "https://github.com/nicolas-grekas",
                    "type": "github"
                },
                {
                    "url": "https://tidelift.com/funding/github/packagist/symfony/symfony",
                    "type": "tidelift"
                }
            ],
            "time": "2026-05-26T12:45:58+00:00"
        }
    ],
    "packages-dev": [],
    "aliases": [],
    "minimum-stability": "stable",
    "stability-flags": {},
    "prefer-stable": false,
    "prefer-lowest": false,
    "platform": {
        "php": "^8.2"
    },
    "platform-dev": {},
    "platform-overrides": {
        "php": "8.2.32"
    },
    "plugin-api-version": "2.9.0"
}
